
Microsoft Visual Studio Solution File, Format Version 12.00
# Visual Studio Version 18
VisualStudioVersion = 18.3.11429.125
MinimumVisualStudioVersion = 10.0.40219.1
Project("{2150E333-8FDC-42A3-9474-1A3956D46DE8}") = "src", "src", "{03ABB857-8B64-4A94-9AE7-B57884C5B9AB}"
EndProject
Project("{2150E333-8FDC-42A3-9474-1A3956D46DE8}") = "tests", "tests", "{ACD2274E-E7E2-42A8-B805-164E981AA9BA}"
EndProject
Project("{2150E333-8FDC-42A3-9474-1A3956D46DE8}") = "Sensors", "Sensors", "{B311763B-BAF3-4C69-A77D-D9C9B9FAB426}"
EndProject
Project("{2150E333-8FDC-42A3-9474-1A3956D46DE8}") = "Analytics", "Analytics", "{6F3039D4-1348-42C5-973F-44422BBE8DD2}"
EndProject
Project("{2150E333-8FDC-42A3-9474-1A3956D46DE8}") = "Ingress", "Ingress", "{8F755CEE-65A2-4189-BF8E-663BAF41DC38}"
EndProject
Project("{2150E333-8FDC-42A3-9474-1A3956D46DE8}") = "Properties", "Properties", "{1DC60D51-53C6-4D4F-9FD0-A7F29D2C080F}"
EndProject
Project("{FAE04EC0-301F-11D3-BF4B-00C04F79EFBC}") = "Sensors", "src\Sensors\Sensors.csproj", "{B4D53745-372C-2E02-4915-478381F4FF0B}"
EndProject
Project("{FAE04EC0-301F-11D3-BF4B-00C04F79EFBC}") = "IngressApi", "src\Ingress\IngressApi.csproj", "{C4B437E4-C866-7EE5-B068-1A44F09D02F9}"
EndProject
Project("{FAE04EC0-301F-11D3-BF4B-00C04F79EFBC}") = "Ingress.Tests", "tests\Ingress.Tests\Ingress.Tests.csproj", "{CC9D112C-5ED8-2C5F-F8E9-A56EEA96F671}"
EndProject
Project("{FAE04EC0-301F-11D3-BF4B-00C04F79EFBC}") = "Properties", "src\Properties\Properties.csproj", "{E3D86DD0-D00D-75EA-2947-B56AB4BBAD84}"
EndProject
Project("{FAE04EC0-301F-11D3-BF4B-00C04F79EFBC}") = "Analytics.API", "src\Analytics\Analytics.API\Analytics.API.csproj", "{F92323BF-A8DF-E0C7-04F1-52C275B2B2F9}"
EndProject
Project("{FAE04EC0-301F-11D3-BF4B-00C04F79EFBC}") = "Analytics.Application", "src\Analytics\Analytics.Application\Analytics.Application.csproj", "{BD2910E8-1C0E-A84A-BA9A-4E05757090A7}"
EndProject
Project("{FAE04EC0-301F-11D3-BF4B-00C04F79EFBC}") = "Analitycs.IOC", "src\Analytics\Analitycs.IOC\Analitycs.IOC.csproj", "{E6000CBE-D92D-EEB6-B44C-C0D3F97A09CB}"
EndProject
Project("{FAE04EC0-301F-11D3-BF4B-00C04F79EFBC}") = "Analitycs.Domain", "src\Analytics\Analitycs.Domain\Analitycs.Domain.csproj", "{7F67027D-0DC5-298E-D1AD-66786CA06C1C}"
EndProject
Project("{FAE04EC0-301F-11D3-BF4B-00C04F79EFBC}") = "Analitycs.Data", "src\Analytics\Analitycs.Data\Analitycs.Data.csproj", "{661AC612-C15A-2C5D-D48E-1AA2FB683460}"
EndProject
Project("{2150E333-8FDC-42A3-9474-1A3956D46DE8}") = "Analytics", "Analytics", "{50BE1163-ECFF-437F-B240-F8E8BE752049}"
EndProject
Project("{FAE04EC0-301F-11D3-BF4B-00C04F79EFBC}") = "Properties.Tests", "tests\Properties.Tests\Properties.Tests.csproj", "{D887126A-07F7-42AA-BD1E-5302A193B631}"
EndProject
Project("{FAE04EC0-301F-11D3-BF4B-00C04F79EFBC}") = "Analytics.Tests", "tests\Analytics.Tests\Analytics.Tests.csproj", "{39EB599B-9770-075F-3696-C2FFD5FBC912}"
EndProject
Project("{FAE04EC0-301F-11D3-BF4B-00C04F79EFBC}") = "Analytics.IntegrationTests", "tests\Analytics.IntegrationTests\Analytics.IntegrationTests.csproj", "{DE858E0D-32D4-756B-B176-3E98FADFA0EA}"
EndProject
Global
	GlobalSection(SolutionConfigurationPlatforms) = preSolution
		Debug|Any CPU = Debug|Any CPU
		Debug|x64 = Debug|x64
		Debug|x86 = Debug|x86
		Release|Any CPU = Release|Any CPU
		Release|x64 = Release|x64
		Release|x86 = Release|x86
	EndGlobalSection
	GlobalSection(ProjectConfigurationPlatforms) = postSolution
		{B4D53745-372C-2E02-4915-478381F4FF0B}.Debug|Any CPU.ActiveCfg = Debug|Any CPU
		{B4D53745-372C-2E02-4915-478381F4FF0B}.Debug|Any CPU.Build.0 = Debug|Any CPU
		{B4D53745-372C-2E02-4915-478381F4FF0B}.Debug|x64.ActiveCfg = Debug|Any CPU
		{B4D53745-372C-2E02-4915-478381F4FF0B}.Debug|x64.Build.0 = Debug|Any CPU
		{B4D53745-372C-2E02-4915-478381F4FF0B}.Debug|x86.ActiveCfg = Debug|Any CPU
		{B4D53745-372C-2E02-4915-478381F4FF0B}.Debug|x86.Build.0 = Debug|Any CPU
		{B4D53745-372C-2E02-4915-478381F4FF0B}.Release|Any CPU.ActiveCfg = Release|Any CPU
		{B4D53745-372C-2E02-4915-478381F4FF0B}.Release|Any CPU.Build.0 = Release|Any CPU
		{B4D53745-372C-2E02-4915-478381F4FF0B}.Release|x64.ActiveCfg = Release|Any CPU
		{B4D53745-372C-2E02-4915-478381F4FF0B}.Release|x64.Build.0 = Release|Any CPU
		{B4D53745-372C-2E02-4915-478381F4FF0B}.Release|x86.ActiveCfg = Release|Any CPU
		{B4D53745-372C-2E02-4915-478381F4FF0B}.Release|x86.Build.0 = Release|Any CPU
		{C4B437E4-C866-7EE5-B068-1A44F09D02F9}.Debug|Any CPU.ActiveCfg = Debug|Any CPU
		{C4B437E4-C866-7EE5-B068-1A44F09D02F9}.Debug|Any CPU.Build.0 = Debug|Any CPU
		{C4B437E4-C866-7EE5-B068-1A44F09D02F9}.Debug|x64.ActiveCfg = Debug|Any CPU
		{C4B437E4-C866-7EE5-B068-1A44F09D02F9}.Debug|x64.Build.0 = Debug|Any CPU
		{C4B437E4-C866-7EE5-B068-1A44F09D02F9}.Debug|x86.ActiveCfg = Debug|Any CPU
		{C4B437E4-C866-7EE5-B068-1A44F09D02F9}.Debug|x86.Build.0 = Debug|Any CPU
		{C4B437E4-C866-7EE5-B068-1A44F09D02F9}.Release|Any CPU.ActiveCfg = Release|Any CPU
		{C4B437E4-C866-7EE5-B068-1A44F09D02F9}.Release|Any CPU.Build.0 = Release|Any CPU
		{C4B437E4-C866-7EE5-B068-1A44F09D02F9}.Release|x64.ActiveCfg = Release|Any CPU
		{C4B437E4-C866-7EE5-B068-1A44F09D02F9}.Release|x64.Build.0 = Release|Any CPU
		{C4B437E4-C866-7EE5-B068-1A44F09D02F9}.Release|x86.ActiveCfg = Release|Any CPU
		{C4B437E4-C866-7EE5-B068-1A44F09D02F9}.Release|x86.Build.0 = Release|Any CPU
		{CC9D112C-5ED8-2C5F-F8E9-A56EEA96F671}.Debug|Any CPU.ActiveCfg = Debug|Any CPU
		{CC9D112C-5ED8-2C5F-F8E9-A56EEA96F671}.Debug|Any CPU.Build.0 = Debug|Any CPU
		{CC9D112C-5ED8-2C5F-F8E9-A56EEA96F671}.Debug|x64.ActiveCfg = Debug|Any CPU
		{CC9D112C-5ED8-2C5F-F8E9-A56EEA96F671}.Debug|x64.Build.0 = Debug|Any CPU
		{CC9D112C-5ED8-2C5F-F8E9-A56EEA96F671}.Debug|x86.ActiveCfg = Debug|Any CPU
		{CC9D112C-5ED8-2C5F-F8E9-A56EEA96F671}.Debug|x86.Build.0 = Debug|Any CPU
		{CC9D112C-5ED8-2C5F-F8E9-A56EEA96F671}.Release|Any CPU.ActiveCfg = Release|Any CPU
		{CC9D112C-5ED8-2C5F-F8E9-A56EEA96F671}.Release|Any CPU.Build.0 = Release|Any CPU
		{CC9D112C-5ED8-2C5F-F8E9-A56EEA96F671}.Release|x64.ActiveCfg = Release|Any CPU
		{CC9D112C-5ED8-2C5F-F8E9-A56EEA96F671}.Release|x64.Build.0 = Release|Any CPU
		{CC9D112C-5ED8-2C5F-F8E9-A56EEA96F671}.Release|x86.ActiveCfg = Release|Any CPU
		{CC9D112C-5ED8-2C5F-F8E9-A56EEA96F671}.Release|x86.Build.0 = Release|Any CPU
		{E3D86DD0-D00D-75EA-2947-B56AB4BBAD84}.Debug|Any CPU.ActiveCfg = Debug|Any CPU
		{E3D86DD0-D00D-75EA-2947-B56AB4BBAD84}.Debug|Any CPU.Build.0 = Debug|Any CPU
		{E3D86DD0-D00D-75EA-2947-B56AB4BBAD84}.Debug|x64.ActiveCfg = Debug|Any CPU
		{E3D86DD0-D00D-75EA-2947-B56AB4BBAD84}.Debug|x64.Build.0 = Debug|Any CPU
		{E3D86DD0-D00D-75EA-2947-B56AB4BBAD84}.Debug|x86.ActiveCfg = Debug|Any CPU
		{E3D86DD0-D00D-75EA-2947-B56AB4BBAD84}.Debug|x86.Build.0 = Debug|Any CPU
		{E3D86DD0-D00D-75EA-2947-B56AB4BBAD84}.Release|Any CPU.ActiveCfg = Release|Any CPU
		{E3D86DD0-D00D-75EA-2947-B56AB4BBAD84}.Release|Any CPU.Build.0 = Release|Any CPU
		{E3D86DD0-D00D-75EA-2947-B56AB4BBAD84}.Release|x64.ActiveCfg = Release|Any CPU
		{E3D86DD0-D00D-75EA-2947-B56AB4BBAD84}.Release|x64.Build.0 = Release|Any CPU
		{E3D86DD0-D00D-75EA-2947-B56AB4BBAD84}.Release|x86.ActiveCfg = Release|Any CPU
		{E3D86DD0-D00D-75EA-2947-B56AB4BBAD84}.Release|x86.Build.0 = Release|Any CPU
		{F92323BF-A8DF-E0C7-04F1-52C275B2B2F9}.Debug|Any CPU.ActiveCfg = Debug|Any CPU
		{F92323BF-A8DF-E0C7-04F1-52C275B2B2F9}.Debug|Any CPU.Build.0 = Debug|Any CPU
		{F92323BF-A8DF-E0C7-04F1-52C275B2B2F9}.Debug|x64.ActiveCfg = Debug|Any CPU
		{F92323BF-A8DF-E0C7-04F1-52C275B2B2F9}.Debug|x64.Build.0 = Debug|Any CPU
		{F92323BF-A8DF-E0C7-04F1-52C275B2B2F9}.Debug|x86.ActiveCfg = Debug|Any CPU
		{F92323BF-A8DF-E0C7-04F1-52C275B2B2F9}.Debug|x86.Build.0 = Debug|Any CPU
		{F92323BF-A8DF-E0C7-04F1-52C275B2B2F9}.Release|Any CPU.ActiveCfg = Release|Any CPU
		{F92323BF-A8DF-E0C7-04F1-52C275B2B2F9}.Release|Any CPU.Build.0 = Release|Any CPU
		{F92323BF-A8DF-E0C7-04F1-52C275B2B2F9}.Release|x64.ActiveCfg = Release|Any CPU
		{F92323BF-A8DF-E0C7-04F1-52C275B2B2F9}.Release|x64.Build.0 = Release|Any CPU
		{F92323BF-A8DF-E0C7-04F1-52C275B2B2F9}.Release|x86.ActiveCfg = Release|Any CPU
		{F92323BF-A8DF-E0C7-04F1-52C275B2B2F9}.Release|x86.Build.0 = Release|Any CPU
		{BD2910E8-1C0E-A84A-BA9A-4E05757090A7}.Debug|Any CPU.ActiveCfg = Debug|Any CPU
		{BD2910E8-1C0E-A84A-BA9A-4E05757090A7}.Debug|Any CPU.Build.0 = Debug|Any CPU
		{BD2910E8-1C0E-A84A-BA9A-4E05757090A7}.Debug|x64.ActiveCfg = Debug|Any CPU
		{BD2910E8-1C0E-A84A-BA9A-4E05757090A7}.Debug|x64.Build.0 = Debug|Any CPU
		{BD2910E8-1C0E-A84A-BA9A-4E05757090A7}.Debug|x86.ActiveCfg = Debug|Any CPU
		{BD2910E8-1C0E-A84A-BA9A-4E05757090A7}.Debug|x86.Build.0 = Debug|Any CPU
		{BD2910E8-1C0E-A84A-BA9A-4E05757090A7}.Release|Any CPU.ActiveCfg = Release|Any CPU
		{BD2910E8-1C0E-A84A-BA9A-4E05757090A7}.Release|Any CPU.Build.0 = Release|Any CPU
		{BD2910E8-1C0E-A84A-BA9A-4E05757090A7}.Release|x64.ActiveCfg = Release|Any CPU
		{BD2910E8-1C0E-A84A-BA9A-4E05757090A7}.Release|x64.Build.0 = Release|Any CPU
		{BD2910E8-1C0E-A84A-BA9A-4E05757090A7}.Release|x86.ActiveCfg = Release|Any CPU
		{BD2910E8-1C0E-A84A-BA9A-4E05757090A7}.Release|x86.Build.0 = Release|Any CPU
		{E6000CBE-D92D-EEB6-B44C-C0D3F97A09CB}.Debug|Any CPU.ActiveCfg = Debug|Any CPU
		{E6000CBE-D92D-EEB6-B44C-C0D3F97A09CB}.Debug|Any CPU.Build.0 = Debug|Any CPU
		{E6000CBE-D92D-EEB6-B44C-C0D3F97A09CB}.Debug|x64.ActiveCfg = Debug|Any CPU
		{E6000CBE-D92D-EEB6-B44C-C0D3F97A09CB}.Debug|x64.Build.0 = Debug|Any CPU
		{E6000CBE-D92D-EEB6-B44C-C0D3F97A09CB}.Debug|x86.ActiveCfg = Debug|Any CPU
		{E6000CBE-D92D-EEB6-B44C-C0D3F97A09CB}.Debug|x86.Build.0 = Debug|Any CPU
		{E6000CBE-D92D-EEB6-B44C-C0D3F97A09CB}.Release|Any CPU.ActiveCfg = Release|Any CPU
		{E6000CBE-D92D-EEB6-B44C-C0D3F97A09CB}.Release|Any CPU.Build.0 = Release|Any CPU
		{E6000CBE-D92D-EEB6-B44C-C0D3F97A09CB}.Release|x64.ActiveCfg = Release|Any CPU
		{E6000CBE-D92D-EEB6-B44C-C0D3F97A09CB}.Release|x64.Build.0 = Release|Any CPU
		{E6000CBE-D92D-EEB6-B44C-C0D3F97A09CB}.Release|x86.ActiveCfg = Release|Any CPU
		{E6000CBE-D92D-EEB6-B44C-C0D3F97A09CB}.Release|x86.Build.0 = Release|Any CPU
		{7F67027D-0DC5-298E-D1AD-66786CA06C1C}.Debug|Any CPU.ActiveCfg = Debug|Any CPU
		{7F67027D-0DC5-298E-D1AD-66786CA06C1C}.Debug|Any CPU.Build.0 = Debug|Any CPU
		{7F67027D-0DC5-298E-D1AD-66786CA06C1C}.Debug|x64.ActiveCfg = Debug|Any CPU
		{7F67027D-0DC5-298E-D1AD-66786CA06C1C}.Debug|x64.Build.0 = Debug|Any CPU
		{7F67027D-0DC5-298E-D1AD-66786CA06C1C}.Debug|x86.ActiveCfg = Debug|Any CPU
		{7F67027D-0DC5-298E-D1AD-66786CA06C1C}.Debug|x86.Build.0 = Debug|Any CPU
		{7F67027D-0DC5-298E-D1AD-66786CA06C1C}.Release|Any CPU.ActiveCfg = Release|Any CPU
		{7F67027D-0DC5-298E-D1AD-66786CA06C1C}.Release|Any CPU.Build.0 = Release|Any CPU
		{7F67027D-0DC5-298E-D1AD-66786CA06C1C}.Release|x64.ActiveCfg = Release|Any CPU
		{7F67027D-0DC5-298E-D1AD-66786CA06C1C}.Release|x64.Build.0 = Release|Any CPU
		{7F67027D-0DC5-298E-D1AD-66786CA06C1C}.Release|x86.ActiveCfg = Release|Any CPU
		{7F67027D-0DC5-298E-D1AD-66786CA06C1C}.Release|x86.Build.0 = Release|Any CPU
		{661AC612-C15A-2C5D-D48E-1AA2FB683460}.Debug|Any CPU.ActiveCfg = Debug|Any CPU
		{661AC612-C15A-2C5D-D48E-1AA2FB683460}.Debug|Any CPU.Build.0 = Debug|Any CPU
		{661AC612-C15A-2C5D-D48E-1AA2FB683460}.Debug|x64.ActiveCfg = Debug|Any CPU
		{661AC612-C15A-2C5D-D48E-1AA2FB683460}.Debug|x64.Build.0 = Debug|Any CPU
		{661AC612-C15A-2C5D-D48E-1AA2FB683460}.Debug|x86.ActiveCfg = Debug|Any CPU
		{661AC612-C15A-2C5D-D48E-1AA2FB683460}.Debug|x86.Build.0 = Debug|Any CPU
		{661AC612-C15A-2C5D-D48E-1AA2FB683460}.Release|Any CPU.ActiveCfg = Release|Any CPU
		{661AC612-C15A-2C5D-D48E-1AA2FB683460}.Release|Any CPU.Build.0 = Release|Any CPU
		{661AC612-C15A-2C5D-D48E-1AA2FB683460}.Release|x64.ActiveCfg = Release|Any CPU
		{661AC612-C15A-2C5D-D48E-1AA2FB683460}.Release|x64.Build.0 = Release|Any CPU
		{661AC612-C15A-2C5D-D48E-1AA2FB683460}.Release|x86.ActiveCfg = Release|Any CPU
		{661AC612-C15A-2C5D-D48E-1AA2FB683460}.Release|x86.Build.0 = Release|Any CPU
		{D887126A-07F7-42AA-BD1E-5302A193B631}.Debug|Any CPU.ActiveCfg = Debug|Any CPU
		{D887126A-07F7-42AA-BD1E-5302A193B631}.Debug|Any CPU.Build.0 = Debug|Any CPU
		{D887126A-07F7-42AA-BD1E-5302A193B631}.Debug|x64.ActiveCfg = Debug|Any CPU
		{D887126A-07F7-42AA-BD1E-5302A193B631}.Debug|x64.Build.0 = Debug|Any CPU
		{D887126A-07F7-42AA-BD1E-5302A193B631}.Debug|x86.ActiveCfg = Debug|Any CPU
		{D887126A-07F7-42AA-BD1E-5302A193B631}.Debug|x86.Build.0 = Debug|Any CPU
		{D887126A-07F7-42AA-BD1E-5302A193B631}.Release|Any CPU.ActiveCfg = Release|Any CPU
		{D887126A-07F7-42AA-BD1E-5302A193B631}.Release|Any CPU.Build.0 = Release|Any CPU
		{D887126A-07F7-42AA-BD1E-5302A193B631}.Release|x64.ActiveCfg = Release|Any CPU
		{D887126A-07F7-42AA-BD1E-5302A193B631}.Release|x64.Build.0 = Release|Any CPU
		{D887126A-07F7-42AA-BD1E-5302A193B631}.Release|x86.ActiveCfg = Release|Any CPU
		{D887126A-07F7-42AA-BD1E-5302A193B631}.Release|x86.Build.0 = Release|Any CPU
		{39EB599B-9770-075F-3696-C2FFD5FBC912}.Debug|Any CPU.ActiveCfg = Debug|Any CPU
		{39EB599B-9770-075F-3696-C2FFD5FBC912}.Debug|Any CPU.Build.0 = Debug|Any CPU
		{39EB599B-9770-075F-3696-C2FFD5FBC912}.Debug|x64.ActiveCfg = Debug|Any CPU
		{39EB599B-9770-075F-3696-C2FFD5FBC912}.Debug|x64.Build.0 = Debug|Any CPU
		{39EB599B-9770-075F-3696-C2FFD5FBC912}.Debug|x86.ActiveCfg = Debug|Any CPU
		{39EB599B-9770-075F-3696-C2FFD5FBC912}.Debug|x86.Build.0 = Debug|Any CPU
		{39EB599B-9770-075F-3696-C2FFD5FBC912}.Release|Any CPU.ActiveCfg = Release|Any CPU
		{39EB599B-9770-075F-3696-C2FFD5FBC912}.Release|Any CPU.Build.0 = Release|Any CPU
		{39EB599B-9770-075F-3696-C2FFD5FBC912}.Release|x64.ActiveCfg = Release|Any CPU
		{39EB599B-9770-075F-3696-C2FFD5FBC912}.Release|x64.Build.0 = Release|Any CPU
		{39EB599B-9770-075F-3696-C2FFD5FBC912}.Release|x86.ActiveCfg = Release|Any CPU
		{39EB599B-9770-075F-3696-C2FFD5FBC912}.Release|x86.Build.0 = Release|Any CPU
		{DE858E0D-32D4-756B-B176-3E98FADFA0EA}.Debug|Any CPU.ActiveCfg = Debug|Any CPU
		{DE858E0D-32D4-756B-B176-3E98FADFA0EA}.Debug|Any CPU.Build.0 = Debug|Any CPU
		{DE858E0D-32D4-756B-B176-3E98FADFA0EA}.Debug|x64.ActiveCfg = Debug|Any CPU
		{DE858E0D-32D4-756B-B176-3E98FADFA0EA}.Debug|x64.Build.0 = Debug|Any CPU
		{DE858E0D-32D4-756B-B176-3E98FADFA0EA}.Debug|x86.ActiveCfg = Debug|Any CPU
		{DE858E0D-32D4-756B-B176-3E98FADFA0EA}.Debug|x86.Build.0 = Debug|Any CPU
		{DE858E0D-32D4-756B-B176-3E98FADFA0EA}.Release|Any CPU.ActiveCfg = Release|Any CPU
		{DE858E0D-32D4-756B-B176-3E98FADFA0EA}.Release|Any CPU.Build.0 = Release|Any CPU
		{DE858E0D-32D4-756B-B176-3E98FADFA0EA}.Release|x64.ActiveCfg = Release|Any CPU
		{DE858E0D-32D4-756B-B176-3E98FADFA0EA}.Release|x64.Build.0 = Release|Any CPU
		{DE858E0D-32D4-756B-B176-3E98FADFA0EA}.Release|x86.ActiveCfg = Release|Any CPU
		{DE858E0D-32D4-756B-B176-3E98FADFA0EA}.Release|x86.Build.0 = Release|Any CPU
	EndGlobalSection
	GlobalSection(SolutionProperties) = preSolution
		HideSolutionNode = FALSE
	EndGlobalSection
	GlobalSection(NestedProjects) = preSolution
		{B311763B-BAF3-4C69-A77D-D9C9B9FAB426} = {03ABB857-8B64-4A94-9AE7-B57884C5B9AB}
		{6F3039D4-1348-42C5-973F-44422BBE8DD2} = {03ABB857-8B64-4A94-9AE7-B57884C5B9AB}
		{8F755CEE-65A2-4189-BF8E-663BAF41DC38} = {03ABB857-8B64-4A94-9AE7-B57884C5B9AB}
		{1DC60D51-53C6-4D4F-9FD0-A7F29D2C080F} = {03ABB857-8B64-4A94-9AE7-B57884C5B9AB}
		{B4D53745-372C-2E02-4915-478381F4FF0B} = {B311763B-BAF3-4C69-A77D-D9C9B9FAB426}
		{C4B437E4-C866-7EE5-B068-1A44F09D02F9} = {8F755CEE-65A2-4189-BF8E-663BAF41DC38}
		{CC9D112C-5ED8-2C5F-F8E9-A56EEA96F671} = {ACD2274E-E7E2-42A8-B805-164E981AA9BA}
		{E3D86DD0-D00D-75EA-2947-B56AB4BBAD84} = {1DC60D51-53C6-4D4F-9FD0-A7F29D2C080F}
		{F92323BF-A8DF-E0C7-04F1-52C275B2B2F9} = {6F3039D4-1348-42C5-973F-44422BBE8DD2}
		{BD2910E8-1C0E-A84A-BA9A-4E05757090A7} = {6F3039D4-1348-42C5-973F-44422BBE8DD2}
		{E6000CBE-D92D-EEB6-B44C-C0D3F97A09CB} = {6F3039D4-1348-42C5-973F-44422BBE8DD2}
		{7F67027D-0DC5-298E-D1AD-66786CA06C1C} = {6F3039D4-1348-42C5-973F-44422BBE8DD2}
		{661AC612-C15A-2C5D-D48E-1AA2FB683460} = {6F3039D4-1348-42C5-973F-44422BBE8DD2}
		{50BE1163-ECFF-437F-B240-F8E8BE752049} = {ACD2274E-E7E2-42A8-B805-164E981AA9BA}
		{D887126A-07F7-42AA-BD1E-5302A193B631} = {ACD2274E-E7E2-42A8-B805-164E981AA9BA}
		{39EB599B-9770-075F-3696-C2FFD5FBC912} = {50BE1163-ECFF-437F-B240-F8E8BE752049}
		{DE858E0D-32D4-756B-B176-3E98FADFA0EA} = {50BE1163-ECFF-437F-B240-F8E8BE752049}
	EndGlobalSection
	GlobalSection(ExtensibilityGlobals) = postSolution
		SolutionGuid = {0897ECDC-0D97-4E4B-A0C4-64105AF537E9}
	EndGlobalSection
EndGlobal
