
Microsoft Visual Studio Solution File, Format Version 12.00
# Visual Studio Version 17
VisualStudioVersion = 17.14.36511.14 d17.14
MinimumVisualStudioVersion = 10.0.40219.1
Project("{2150E333-8FDC-42A3-9474-1A3956D46DE8}") = "src", "src", "{03ABB857-8B64-4A94-9AE7-B57884C5B9AB}"
EndProject
Project("{2150E333-8FDC-42A3-9474-1A3956D46DE8}") = "tests", "tests", "{ACD2274E-E7E2-42A8-B805-164E981AA9BA}"
EndProject
Project("{2150E333-8FDC-42A3-9474-1A3956D46DE8}") = "Sensors", "Sensors", "{B311763B-BAF3-4C69-A77D-D9C9B9FAB426}"
EndProject
Project("{2150E333-8FDC-42A3-9474-1A3956D46DE8}") = "Analytics", "Analytics", "{6F3039D4-1348-42C5-973F-44422BBE8DD2}"
EndProject
Project("{2150E333-8FDC-42A3-9474-1A3956D46DE8}") = "Ingress", "Ingress", "{8F755CEE-65A2-4189-BF8E-663BAF41DC38}"
EndProject
Project("{2150E333-8FDC-42A3-9474-1A3956D46DE8}") = "Properties", "Properties", "{1DC60D51-53C6-4D4F-9FD0-A7F29D2C080F}"
EndProject
Project("{FAE04EC0-301F-11D3-BF4B-00C04F79EFBC}") = "Sensors", "src\Sensors\Sensors.csproj", "{B4D53745-372C-2E02-4915-478381F4FF0B}"
EndProject
Project("{FAE04EC0-301F-11D3-BF4B-00C04F79EFBC}") = "IngressApi", "src\Ingress\IngressApi.csproj", "{C4B437E4-C866-7EE5-B068-1A44F09D02F9}"
EndProject
Project("{FAE04EC0-301F-11D3-BF4B-00C04F79EFBC}") = "Analytics.API", "Analytics.API\Analytics.API.csproj", "{B9EBE675-A6B3-434A-8A3E-6E243E71EEC6}"
EndProject
Project("{FAE04EC0-301F-11D3-BF4B-00C04F79EFBC}") = "Analytics.Application", "Analytics.Application\Analytics.Application.csproj", "{95F32669-86B2-41B8-9F2C-63F1CA2B1C8A}"
EndProject
Project("{FAE04EC0-301F-11D3-BF4B-00C04F79EFBC}") = "Analitycs.Data", "Analitycs.Data\Analitycs.Data.csproj", "{9E50D217-75BC-43F3-B67C-0BF34B1BDEF7}"
EndProject
Project("{FAE04EC0-301F-11D3-BF4B-00C04F79EFBC}") = "Analitycs.Domain", "Analitycs.Domain\Analitycs.Domain.csproj", "{AE7B0D5D-0C1D-4A18-933C-FF270623F267}"
EndProject
Project("{FAE04EC0-301F-11D3-BF4B-00C04F79EFBC}") = "Analitycs.IOC", "Analitycs.IOC\Analitycs.IOC.csproj", "{2466F748-F1DC-4C70-B3FF-1412020F2AAF}"
EndProject
Project("{FAE04EC0-301F-11D3-BF4B-00C04F79EFBC}") = "Ingress.Tests", "tests\Ingress.Tests\Ingress.Tests.csproj", "{CC9D112C-5ED8-2C5F-F8E9-A56EEA96F671}"
EndProject
Global
	GlobalSection(SolutionConfigurationPlatforms) = preSolution
		Debug|Any CPU = Debug|Any CPU
		Debug|x64 = Debug|x64
		Debug|x86 = Debug|x86
		Release|Any CPU = Release|Any CPU
		Release|x64 = Release|x64
		Release|x86 = Release|x86
	EndGlobalSection
	GlobalSection(ProjectConfigurationPlatforms) = postSolution
		{B4D53745-372C-2E02-4915-478381F4FF0B}.Debug|Any CPU.ActiveCfg = Debug|Any CPU
		{B4D53745-372C-2E02-4915-478381F4FF0B}.Debug|Any CPU.Build.0 = Debug|Any CPU
		{B4D53745-372C-2E02-4915-478381F4FF0B}.Debug|x64.ActiveCfg = Debug|Any CPU
		{B4D53745-372C-2E02-4915-478381F4FF0B}.Debug|x64.Build.0 = Debug|Any CPU
		{B4D53745-372C-2E02-4915-478381F4FF0B}.Debug|x86.ActiveCfg = Debug|Any CPU
		{B4D53745-372C-2E02-4915-478381F4FF0B}.Debug|x86.Build.0 = Debug|Any CPU
		{B4D53745-372C-2E02-4915-478381F4FF0B}.Release|Any CPU.ActiveCfg = Release|Any CPU
		{B4D53745-372C-2E02-4915-478381F4FF0B}.Release|Any CPU.Build.0 = Release|Any CPU
		{B4D53745-372C-2E02-4915-478381F4FF0B}.Release|x64.ActiveCfg = Release|Any CPU
		{B4D53745-372C-2E02-4915-478381F4FF0B}.Release|x64.Build.0 = Release|Any CPU
		{B4D53745-372C-2E02-4915-478381F4FF0B}.Release|x86.ActiveCfg = Release|Any CPU
		{B4D53745-372C-2E02-4915-478381F4FF0B}.Release|x86.Build.0 = Release|Any CPU
		{C4B437E4-C866-7EE5-B068-1A44F09D02F9}.Debug|Any CPU.ActiveCfg = Debug|Any CPU
		{C4B437E4-C866-7EE5-B068-1A44F09D02F9}.Debug|Any CPU.Build.0 = Debug|Any CPU
		{C4B437E4-C866-7EE5-B068-1A44F09D02F9}.Debug|x64.ActiveCfg = Debug|Any CPU
		{C4B437E4-C866-7EE5-B068-1A44F09D02F9}.Debug|x64.Build.0 = Debug|Any CPU
		{C4B437E4-C866-7EE5-B068-1A44F09D02F9}.Debug|x86.ActiveCfg = Debug|Any CPU
		{C4B437E4-C866-7EE5-B068-1A44F09D02F9}.Debug|x86.Build.0 = Debug|Any CPU
		{C4B437E4-C866-7EE5-B068-1A44F09D02F9}.Release|Any CPU.ActiveCfg = Release|Any CPU
		{C4B437E4-C866-7EE5-B068-1A44F09D02F9}.Release|Any CPU.Build.0 = Release|Any CPU
		{C4B437E4-C866-7EE5-B068-1A44F09D02F9}.Release|x64.ActiveCfg = Release|Any CPU
		{C4B437E4-C866-7EE5-B068-1A44F09D02F9}.Release|x64.Build.0 = Release|Any CPU
		{C4B437E4-C866-7EE5-B068-1A44F09D02F9}.Release|x86.ActiveCfg = Release|Any CPU
		{C4B437E4-C866-7EE5-B068-1A44F09D02F9}.Release|x86.Build.0 = Release|Any CPU
		{B9EBE675-A6B3-434A-8A3E-6E243E71EEC6}.Debug|Any CPU.ActiveCfg = Debug|Any CPU
		{B9EBE675-A6B3-434A-8A3E-6E243E71EEC6}.Debug|Any CPU.Build.0 = Debug|Any CPU
		{B9EBE675-A6B3-434A-8A3E-6E243E71EEC6}.Debug|x64.ActiveCfg = Debug|Any CPU
		{B9EBE675-A6B3-434A-8A3E-6E243E71EEC6}.Debug|x64.Build.0 = Debug|Any CPU
		{B9EBE675-A6B3-434A-8A3E-6E243E71EEC6}.Debug|x86.ActiveCfg = Debug|Any CPU
		{B9EBE675-A6B3-434A-8A3E-6E243E71EEC6}.Debug|x86.Build.0 = Debug|Any CPU
		{B9EBE675-A6B3-434A-8A3E-6E243E71EEC6}.Release|Any CPU.ActiveCfg = Release|Any CPU
		{B9EBE675-A6B3-434A-8A3E-6E243E71EEC6}.Release|Any CPU.Build.0 = Release|Any CPU
		{B9EBE675-A6B3-434A-8A3E-6E243E71EEC6}.Release|x64.ActiveCfg = Release|Any CPU
		{B9EBE675-A6B3-434A-8A3E-6E243E71EEC6}.Release|x64.Build.0 = Release|Any CPU
		{B9EBE675-A6B3-434A-8A3E-6E243E71EEC6}.Release|x86.ActiveCfg = Release|Any CPU
		{B9EBE675-A6B3-434A-8A3E-6E243E71EEC6}.Release|x86.Build.0 = Release|Any CPU
		{95F32669-86B2-41B8-9F2C-63F1CA2B1C8A}.Debug|Any CPU.ActiveCfg = Debug|Any CPU
		{95F32669-86B2-41B8-9F2C-63F1CA2B1C8A}.Debug|Any CPU.Build.0 = Debug|Any CPU
		{95F32669-86B2-41B8-9F2C-63F1CA2B1C8A}.Debug|x64.ActiveCfg = Debug|Any CPU
		{95F32669-86B2-41B8-9F2C-63F1CA2B1C8A}.Debug|x64.Build.0 = Debug|Any CPU
		{95F32669-86B2-41B8-9F2C-63F1CA2B1C8A}.Debug|x86.ActiveCfg = Debug|Any CPU
		{95F32669-86B2-41B8-9F2C-63F1CA2B1C8A}.Debug|x86.Build.0 = Debug|Any CPU
		{95F32669-86B2-41B8-9F2C-63F1CA2B1C8A}.Release|Any CPU.ActiveCfg = Release|Any CPU
		{95F32669-86B2-41B8-9F2C-63F1CA2B1C8A}.Release|Any CPU.Build.0 = Release|Any CPU
		{95F32669-86B2-41B8-9F2C-63F1CA2B1C8A}.Release|x64.ActiveCfg = Release|Any CPU
		{95F32669-86B2-41B8-9F2C-63F1CA2B1C8A}.Release|x64.Build.0 = Release|Any CPU
		{95F32669-86B2-41B8-9F2C-63F1CA2B1C8A}.Release|x86.ActiveCfg = Release|Any CPU
		{95F32669-86B2-41B8-9F2C-63F1CA2B1C8A}.Release|x86.Build.0 = Release|Any CPU
		{9E50D217-75BC-43F3-B67C-0BF34B1BDEF7}.Debug|Any CPU.ActiveCfg = Debug|Any CPU
		{9E50D217-75BC-43F3-B67C-0BF34B1BDEF7}.Debug|Any CPU.Build.0 = Debug|Any CPU
		{9E50D217-75BC-43F3-B67C-0BF34B1BDEF7}.Debug|x64.ActiveCfg = Debug|Any CPU
		{9E50D217-75BC-43F3-B67C-0BF34B1BDEF7}.Debug|x64.Build.0 = Debug|Any CPU
		{9E50D217-75BC-43F3-B67C-0BF34B1BDEF7}.Debug|x86.ActiveCfg = Debug|Any CPU
		{9E50D217-75BC-43F3-B67C-0BF34B1BDEF7}.Debug|x86.Build.0 = Debug|Any CPU
		{9E50D217-75BC-43F3-B67C-0BF34B1BDEF7}.Release|Any CPU.ActiveCfg = Release|Any CPU
		{9E50D217-75BC-43F3-B67C-0BF34B1BDEF7}.Release|Any CPU.Build.0 = Release|Any CPU
		{9E50D217-75BC-43F3-B67C-0BF34B1BDEF7}.Release|x64.ActiveCfg = Release|Any CPU
		{9E50D217-75BC-43F3-B67C-0BF34B1BDEF7}.Release|x64.Build.0 = Release|Any CPU
		{9E50D217-75BC-43F3-B67C-0BF34B1BDEF7}.Release|x86.ActiveCfg = Release|Any CPU
		{9E50D217-75BC-43F3-B67C-0BF34B1BDEF7}.Release|x86.Build.0 = Release|Any CPU
		{AE7B0D5D-0C1D-4A18-933C-FF270623F267}.Debug|Any CPU.ActiveCfg = Debug|Any CPU
		{AE7B0D5D-0C1D-4A18-933C-FF270623F267}.Debug|Any CPU.Build.0 = Debug|Any CPU
		{AE7B0D5D-0C1D-4A18-933C-FF270623F267}.Debug|x64.ActiveCfg = Debug|Any CPU
		{AE7B0D5D-0C1D-4A18-933C-FF270623F267}.Debug|x64.Build.0 = Debug|Any CPU
		{AE7B0D5D-0C1D-4A18-933C-FF270623F267}.Debug|x86.ActiveCfg = Debug|Any CPU
		{AE7B0D5D-0C1D-4A18-933C-FF270623F267}.Debug|x86.Build.0 = Debug|Any CPU
		{AE7B0D5D-0C1D-4A18-933C-FF270623F267}.Release|Any CPU.ActiveCfg = Release|Any CPU
		{AE7B0D5D-0C1D-4A18-933C-FF270623F267}.Release|Any CPU.Build.0 = Release|Any CPU
		{AE7B0D5D-0C1D-4A18-933C-FF270623F267}.Release|x64.ActiveCfg = Release|Any CPU
		{AE7B0D5D-0C1D-4A18-933C-FF270623F267}.Release|x64.Build.0 = Release|Any CPU
		{AE7B0D5D-0C1D-4A18-933C-FF270623F267}.Release|x86.ActiveCfg = Release|Any CPU
		{AE7B0D5D-0C1D-4A18-933C-FF270623F267}.Release|x86.Build.0 = Release|Any CPU
		{2466F748-F1DC-4C70-B3FF-1412020F2AAF}.Debug|Any CPU.ActiveCfg = Debug|Any CPU
		{2466F748-F1DC-4C70-B3FF-1412020F2AAF}.Debug|Any CPU.Build.0 = Debug|Any CPU
		{2466F748-F1DC-4C70-B3FF-1412020F2AAF}.Debug|x64.ActiveCfg = Debug|Any CPU
		{2466F748-F1DC-4C70-B3FF-1412020F2AAF}.Debug|x64.Build.0 = Debug|Any CPU
		{2466F748-F1DC-4C70-B3FF-1412020F2AAF}.Debug|x86.ActiveCfg = Debug|Any CPU
		{2466F748-F1DC-4C70-B3FF-1412020F2AAF}.Debug|x86.Build.0 = Debug|Any CPU
		{2466F748-F1DC-4C70-B3FF-1412020F2AAF}.Release|Any CPU.ActiveCfg = Release|Any CPU
		{2466F748-F1DC-4C70-B3FF-1412020F2AAF}.Release|Any CPU.Build.0 = Release|Any CPU
		{2466F748-F1DC-4C70-B3FF-1412020F2AAF}.Release|x64.ActiveCfg = Release|Any CPU
		{2466F748-F1DC-4C70-B3FF-1412020F2AAF}.Release|x64.Build.0 = Release|Any CPU
		{2466F748-F1DC-4C70-B3FF-1412020F2AAF}.Release|x86.ActiveCfg = Release|Any CPU
		{2466F748-F1DC-4C70-B3FF-1412020F2AAF}.Release|x86.Build.0 = Release|Any CPU
		{CC9D112C-5ED8-2C5F-F8E9-A56EEA96F671}.Debug|Any CPU.ActiveCfg = Debug|Any CPU
		{CC9D112C-5ED8-2C5F-F8E9-A56EEA96F671}.Debug|Any CPU.Build.0 = Debug|Any CPU
		{CC9D112C-5ED8-2C5F-F8E9-A56EEA96F671}.Debug|x64.ActiveCfg = Debug|Any CPU
		{CC9D112C-5ED8-2C5F-F8E9-A56EEA96F671}.Debug|x64.Build.0 = Debug|Any CPU
		{CC9D112C-5ED8-2C5F-F8E9-A56EEA96F671}.Debug|x86.ActiveCfg = Debug|Any CPU
		{CC9D112C-5ED8-2C5F-F8E9-A56EEA96F671}.Debug|x86.Build.0 = Debug|Any CPU
		{CC9D112C-5ED8-2C5F-F8E9-A56EEA96F671}.Release|Any CPU.ActiveCfg = Release|Any CPU
		{CC9D112C-5ED8-2C5F-F8E9-A56EEA96F671}.Release|Any CPU.Build.0 = Release|Any CPU
		{CC9D112C-5ED8-2C5F-F8E9-A56EEA96F671}.Release|x64.ActiveCfg = Release|Any CPU
		{CC9D112C-5ED8-2C5F-F8E9-A56EEA96F671}.Release|x64.Build.0 = Release|Any CPU
		{CC9D112C-5ED8-2C5F-F8E9-A56EEA96F671}.Release|x86.ActiveCfg = Release|Any CPU
		{CC9D112C-5ED8-2C5F-F8E9-A56EEA96F671}.Release|x86.Build.0 = Release|Any CPU
	EndGlobalSection
	GlobalSection(SolutionProperties) = preSolution
		HideSolutionNode = FALSE
	EndGlobalSection
	GlobalSection(NestedProjects) = preSolution
		{B311763B-BAF3-4C69-A77D-D9C9B9FAB426} = {03ABB857-8B64-4A94-9AE7-B57884C5B9AB}
		{6F3039D4-1348-42C5-973F-44422BBE8DD2} = {03ABB857-8B64-4A94-9AE7-B57884C5B9AB}
		{8F755CEE-65A2-4189-BF8E-663BAF41DC38} = {03ABB857-8B64-4A94-9AE7-B57884C5B9AB}
		{1DC60D51-53C6-4D4F-9FD0-A7F29D2C080F} = {03ABB857-8B64-4A94-9AE7-B57884C5B9AB}
		{B4D53745-372C-2E02-4915-478381F4FF0B} = {B311763B-BAF3-4C69-A77D-D9C9B9FAB426}
		{C4B437E4-C866-7EE5-B068-1A44F09D02F9} = {8F755CEE-65A2-4189-BF8E-663BAF41DC38}
		{B9EBE675-A6B3-434A-8A3E-6E243E71EEC6} = {6F3039D4-1348-42C5-973F-44422BBE8DD2}
		{95F32669-86B2-41B8-9F2C-63F1CA2B1C8A} = {6F3039D4-1348-42C5-973F-44422BBE8DD2}
		{9E50D217-75BC-43F3-B67C-0BF34B1BDEF7} = {6F3039D4-1348-42C5-973F-44422BBE8DD2}
		{AE7B0D5D-0C1D-4A18-933C-FF270623F267} = {6F3039D4-1348-42C5-973F-44422BBE8DD2}
		{2466F748-F1DC-4C70-B3FF-1412020F2AAF} = {6F3039D4-1348-42C5-973F-44422BBE8DD2}
		{CC9D112C-5ED8-2C5F-F8E9-A56EEA96F671} = {ACD2274E-E7E2-42A8-B805-164E981AA9BA}
	EndGlobalSection
	GlobalSection(ExtensibilityGlobals) = postSolution
		SolutionGuid = {0897ECDC-0D97-4E4B-A0C4-64105AF537E9}
	EndGlobalSection
EndGlobal
